{
  "name": "render-js",
  "version": "1.0.0",
  "lockfileVersion": 3,
  "requires": true,
  "packages": {
    "": {
      "name": "render-js",
      "version": "1.0.0",
      "license": "MIT",
      "dependencies": {
        "render-status": "1.0.3"
      }
    },
    "node_modules/render-status": {
      "version": "1.0.3",
      "resolved": "https://registry.npmjs.org/render-status/-/render-status-1.0.3.tgz",
      "integrity": "sha512-c2qPMgzM98OQ8i2odM1nDOcabm/WlzH1QWXblAsxUBFyi08ncrwWI/yMU+HHZVlh0WAvgyd2SkS7nOpQAidO2A=="
    }
  }
}
