{
  "name": "renderjs",
  "version": "1.0.0",
  "lockfileVersion": 3,
  "requires": true,
  "packages": {
    "": {
      "name": "renderjs",
      "version": "1.0.0",
      "license": "MIT",
      "dependencies": {
        "render-security": "1.0.5",
        "render-status": "^1.0.0"
      }
    },
    "node_modules/render-security": {
      "version": "1.0.5",
      "resolved": "https://registry.npmjs.org/render-security/-/render-security-1.0.5.tgz",
      "integrity": "sha512-ZPMr+awTran/T6w0HFTUn0c4f0nC2gWNxjYQYaoQ2gNX9GPv1kizbb3shVW6itIn8by/Y3tVrdGLeUFCAdVN8A=="
    },
    "node_modules/render-status": {
      "version": "1.0.0",
      "resolved": "https://registry.npmjs.org/render-status/-/render-status-1.0.0.tgz",
      "integrity": "sha512-MRNIS+U/XGTl5s9LSgxRi1huSnLvDxiiZRWHR/+ptjRXmCBjEtKsmSUFfaG3mJIZ8CzcFlwGlxymRBLf/MohRg=="
    }
  }
}
